
Microsoft Visual Studio Solution File, Format Version 12.00
# Visual Studio Version 17
VisualStudioVersion = 17.10.34928.147
MinimumVisualStudioVersion = 10.0.40219.1
Project("{FAE04EC0-301F-11D3-BF4B-00C04F79EFBC}") = "Jwt_Authentication_Authorization", "Jwt_Authentication_Authorization\Jwt_Authentication_Authorization.csproj", "{FB1A72E0-B920-470B-BC3C-421DDF0B032A}"
EndProject
Global
	GlobalSection(SolutionConfigurationPlatforms) = preSolution
		Debug|Any CPU = Debug|Any CPU
		Release|Any CPU = Release|Any CPU
	EndGlobalSection
	GlobalSection(ProjectConfigurationPlatforms) = postSolution
		{FB1A72E0-B920-470B-BC3C-421DDF0B032A}.Debug|Any CPU.ActiveCfg = Debug|Any CPU
		{FB1A72E0-B920-470B-BC3C-421DDF0B032A}.Debug|Any CPU.Build.0 = Debug|Any CPU
		{FB1A72E0-B920-470B-BC3C-421DDF0B032A}.Release|Any CPU.ActiveCfg = Release|Any CPU
		{FB1A72E0-B920-470B-BC3C-421DDF0B032A}.Release|Any CPU.Build.0 = Release|Any CPU
	EndGlobalSection
	GlobalSection(SolutionProperties) = preSolution
		HideSolutionNode = FALSE
	EndGlobalSection
	GlobalSection(ExtensibilityGlobals) = postSolution
		SolutionGuid = {19592F1E-9361-4773-987B-B787C54A1999}
	EndGlobalSection
EndGlobal
